<?xml version="1.0" encoding="UTF-8"?>
<!DOCTYPE plist PUBLIC "-//Apple//DTD PLIST 1.0//EN" "http://www.apple.com/DTDs/PropertyList-1.0.dtd">
<plist version="1.0">
<dict>
	<key>archiveVersion</key>
	<string>1</string>
	<key>classes</key>
	<dict/>
	<key>objectVersion</key>
	<string>46</string>
	<key>objects</key>
	<dict>
		<key>0B40087829C43827CA79319C</key>
		<dict>
			<key>includeInIndex</key>
			<string>1</string>
			<key>isa</key>
			<string>PBXFileReference</string>
			<key>lastKnownFileType</key>
			<string>text.xcconfig</string>
			<key>name</key>
			<string>Pods-Github.debug.xcconfig</string>
			<key>path</key>
			<string>Pods/Target Support Files/Pods-Github/Pods-Github.debug.xcconfig</string>
			<key>sourceTree</key>
			<string>&lt;group&gt;</string>
		</dict>
		<key>1769D6F0EBA6B52CFD25102F</key>
		<dict>
			<key>buildActionMask</key>
			<string>2147483647</string>
			<key>files</key>
			<array/>
			<key>inputPaths</key>
			<array/>
			<key>isa</key>
			<string>PBXShellScriptBuildPhase</string>
			<key>name</key>
			<string>[CP] Copy Pods Resources</string>
			<key>outputPaths</key>
			<array/>
			<key>runOnlyForDeploymentPostprocessing</key>
			<string>0</string>
			<key>shellPath</key>
			<string>/bin/sh</string>
			<key>shellScript</key>
			<string>"${SRCROOT}/Pods/Target Support Files/Pods-GithubTests/Pods-GithubTests-resources.sh"
</string>
			<key>showEnvVarsInLog</key>
			<string>0</string>
		</dict>
		<key>22D57FDF08B5B60BA6485204</key>
		<dict>
			<key>fileRef</key>
			<string>F0662589704B715114D28E5A</string>
			<key>isa</key>
			<string>PBXBuildFile</string>
		</dict>
		<key>24E56B55B0EBFD1BD4F1A289</key>
		<dict>
			<key>children</key>
			<array>
				<string>F0662589704B715114D28E5A</string>
				<string>F1DE64A1BAB1280F31D7831E</string>
			</array>
			<key>isa</key>
			<string>PBXGroup</string>
			<key>name</key>
			<string>Frameworks</string>
			<key>sourceTree</key>
			<string>&lt;group&gt;</string>
		</dict>
		<key>2CD4AF00A7945B1D12714310</key>
		<dict>
			<key>buildActionMask</key>
			<string>2147483647</string>
			<key>files</key>
			<array/>
			<key>inputPaths</key>
			<array/>
			<key>isa</key>
			<string>PBXShellScriptBuildPhase</string>
			<key>name</key>
			<string>[CP] Embed Pods Frameworks</string>
			<key>outputPaths</key>
			<array/>
			<key>runOnlyForDeploymentPostprocessing</key>
			<string>0</string>
			<key>shellPath</key>
			<string>/bin/sh</string>
			<key>shellScript</key>
			<string>"${SRCROOT}/Pods/Target Support Files/Pods-GithubTests/Pods-GithubTests-frameworks.sh"
</string>
			<key>showEnvVarsInLog</key>
			<string>0</string>
		</dict>
		<key>322C03261DA1764C0084A3FD</key>
		<dict>
			<key>children</key>
			<array>
				<string>329D90521DA1BBDC00B2BD59</string>
				<string>32DF905A1DA3D81D0090DE19</string>
			</array>
			<key>isa</key>
			<string>PBXGroup</string>
			<key>name</key>
			<string>Scenes</string>
			<key>path</key>
			<string>Scenes</string>
			<key>sourceTree</key>
			<string>&lt;group&gt;</string>
		</dict>
		<key>322C03271DA176700084A3FD</key>
		<dict>
			<key>fileEncoding</key>
			<string>4</string>
			<key>isa</key>
			<string>PBXFileReference</string>
			<key>lastKnownFileType</key>
			<string>sourcecode.swift</string>
			<key>name</key>
			<string>RepositoriesConfigurator.swift</string>
			<key>path</key>
			<string>RepositoriesConfigurator.swift</string>
			<key>sourceTree</key>
			<string>&lt;group&gt;</string>
		</dict>
		<key>322C03281DA176700084A3FD</key>
		<dict>
			<key>fileEncoding</key>
			<string>4</string>
			<key>isa</key>
			<string>PBXFileReference</string>
			<key>lastKnownFileType</key>
			<string>sourcecode.swift</string>
			<key>name</key>
			<string>RepositoriesInteractor.swift</string>
			<key>path</key>
			<string>RepositoriesInteractor.swift</string>
			<key>sourceTree</key>
			<string>&lt;group&gt;</string>
		</dict>
		<key>322C03291DA176700084A3FD</key>
		<dict>
			<key>fileEncoding</key>
			<string>4</string>
			<key>isa</key>
			<string>PBXFileReference</string>
			<key>lastKnownFileType</key>
			<string>sourcecode.swift</string>
			<key>name</key>
			<string>RepositoriesModels.swift</string>
			<key>path</key>
			<string>RepositoriesModels.swift</string>
			<key>sourceTree</key>
			<string>&lt;group&gt;</string>
		</dict>
		<key>322C032A1DA176700084A3FD</key>
		<dict>
			<key>fileEncoding</key>
			<string>4</string>
			<key>isa</key>
			<string>PBXFileReference</string>
			<key>lastKnownFileType</key>
			<string>sourcecode.swift</string>
			<key>name</key>
			<string>RepositoriesPresenter.swift</string>
			<key>path</key>
			<string>RepositoriesPresenter.swift</string>
			<key>sourceTree</key>
			<string>&lt;group&gt;</string>
		</dict>
		<key>322C032B1DA176700084A3FD</key>
		<dict>
			<key>fileEncoding</key>
			<string>4</string>
			<key>isa</key>
			<string>PBXFileReference</string>
			<key>lastKnownFileType</key>
			<string>sourcecode.swift</string>
			<key>name</key>
			<string>RepositoriesRouter.swift</string>
			<key>path</key>
			<string>RepositoriesRouter.swift</string>
			<key>sourceTree</key>
			<string>&lt;group&gt;</string>
		</dict>
		<key>322C032C1DA176700084A3FD</key>
		<dict>
			<key>fileEncoding</key>
			<string>4</string>
			<key>isa</key>
			<string>PBXFileReference</string>
			<key>lastKnownFileType</key>
			<string>sourcecode.swift</string>
			<key>name</key>
			<string>RepositoriesViewController.swift</string>
			<key>path</key>
			<string>RepositoriesViewController.swift</string>
			<key>sourceTree</key>
			<string>&lt;group&gt;</string>
		</dict>
		<key>322C032D1DA176700084A3FD</key>
		<dict>
			<key>fileEncoding</key>
			<string>4</string>
			<key>isa</key>
			<string>PBXFileReference</string>
			<key>lastKnownFileType</key>
			<string>sourcecode.swift</string>
			<key>name</key>
			<string>RepositoriesWorker.swift</string>
			<key>path</key>
			<string>RepositoriesWorker.swift</string>
			<key>sourceTree</key>
			<string>&lt;group&gt;</string>
		</dict>
		<key>322C032E1DA176700084A3FD</key>
		<dict>
			<key>fileRef</key>
			<string>322C03271DA176700084A3FD</string>
			<key>isa</key>
			<string>PBXBuildFile</string>
		</dict>
		<key>322C032F1DA176700084A3FD</key>
		<dict>
			<key>fileRef</key>
			<string>322C03281DA176700084A3FD</string>
			<key>isa</key>
			<string>PBXBuildFile</string>
		</dict>
		<key>322C03301DA176700084A3FD</key>
		<dict>
			<key>fileRef</key>
			<string>322C03291DA176700084A3FD</string>
			<key>isa</key>
			<string>PBXBuildFile</string>
		</dict>
		<key>322C03311DA176700084A3FD</key>
		<dict>
			<key>fileRef</key>
			<string>322C032A1DA176700084A3FD</string>
			<key>isa</key>
			<string>PBXBuildFile</string>
		</dict>
		<key>322C03321DA176700084A3FD</key>
		<dict>
			<key>fileRef</key>
			<string>322C032B1DA176700084A3FD</string>
			<key>isa</key>
			<string>PBXBuildFile</string>
		</dict>
		<key>322C03331DA176700084A3FD</key>
		<dict>
			<key>fileRef</key>
			<string>322C032C1DA176700084A3FD</string>
			<key>isa</key>
			<string>PBXBuildFile</string>
		</dict>
		<key>322C03341DA176700084A3FD</key>
		<dict>
			<key>fileRef</key>
			<string>322C032D1DA176700084A3FD</string>
			<key>isa</key>
			<string>PBXBuildFile</string>
		</dict>
		<key>322C03351DA179500084A3FD</key>
		<dict>
			<key>fileEncoding</key>
			<string>4</string>
			<key>isa</key>
			<string>PBXFileReference</string>
			<key>lastKnownFileType</key>
			<string>sourcecode.swift</string>
			<key>path</key>
			<string>Repository.swift</string>
			<key>sourceTree</key>
			<string>&lt;group&gt;</string>
		</dict>
		<key>322C03361DA179500084A3FD</key>
		<dict>
			<key>fileRef</key>
			<string>322C03351DA179500084A3FD</string>
			<key>isa</key>
			<string>PBXBuildFile</string>
		</dict>
		<key>322C03371DA179570084A3FD</key>
		<dict>
			<key>children</key>
			<array>
				<string>322C03381DA179980084A3FD</string>
				<string>322C03351DA179500084A3FD</string>
				<string>322C03391DA179980084A3FD</string>
			</array>
			<key>isa</key>
			<string>PBXGroup</string>
			<key>name</key>
			<string>Model</string>
			<key>path</key>
			<string>Model</string>
			<key>sourceTree</key>
			<string>&lt;group&gt;</string>
		</dict>
		<key>322C03381DA179980084A3FD</key>
		<dict>
			<key>fileEncoding</key>
			<string>4</string>
			<key>isa</key>
			<string>PBXFileReference</string>
			<key>lastKnownFileType</key>
			<string>sourcecode.swift</string>
			<key>path</key>
			<string>JSONSerializable.swift</string>
			<key>sourceTree</key>
			<string>&lt;group&gt;</string>
		</dict>
		<key>322C03391DA179980084A3FD</key>
		<dict>
			<key>fileEncoding</key>
			<string>4</string>
			<key>isa</key>
			<string>PBXFileReference</string>
			<key>lastKnownFileType</key>
			<string>sourcecode.swift</string>
			<key>path</key>
			<string>User.swift</string>
			<key>sourceTree</key>
			<string>&lt;group&gt;</string>
		</dict>
		<key>322C033A1DA179980084A3FD</key>
		<dict>
			<key>fileRef</key>
			<string>322C03381DA179980084A3FD</string>
			<key>isa</key>
			<string>PBXBuildFile</string>
		</dict>
		<key>322C033B1DA179980084A3FD</key>
		<dict>
			<key>fileRef</key>
			<string>322C03391DA179980084A3FD</string>
			<key>isa</key>
			<string>PBXBuildFile</string>
		</dict>
		<key>322C033C1DA179BB0084A3FD</key>
		<dict>
			<key>fileEncoding</key>
			<string>4</string>
			<key>isa</key>
			<string>PBXFileReference</string>
			<key>lastKnownFileType</key>
			<string>sourcecode.swift</string>
			<key>path</key>
			<string>RepositoryTests.swift</string>
			<key>sourceTree</key>
			<string>&lt;group&gt;</string>
		</dict>
		<key>322C033D1DA179BB0084A3FD</key>
		<dict>
			<key>fileEncoding</key>
			<string>4</string>
			<key>isa</key>
			<string>PBXFileReference</string>
			<key>lastKnownFileType</key>
			<string>sourcecode.swift</string>
			<key>path</key>
			<string>UserTests.swift</string>
			<key>sourceTree</key>
			<string>&lt;group&gt;</string>
		</dict>
		<key>322C033E1DA179BB0084A3FD</key>
		<dict>
			<key>fileRef</key>
			<string>322C033C1DA179BB0084A3FD</string>
			<key>isa</key>
			<string>PBXBuildFile</string>
		</dict>
		<key>322C033F1DA179BB0084A3FD</key>
		<dict>
			<key>fileRef</key>
			<string>322C033D1DA179BB0084A3FD</string>
			<key>isa</key>
			<string>PBXBuildFile</string>
		</dict>
		<key>322C03401DA179C00084A3FD</key>
		<dict>
			<key>fileRef</key>
			<string>322C03381DA179980084A3FD</string>
			<key>isa</key>
			<string>PBXBuildFile</string>
		</dict>
		<key>322C03411DA179C00084A3FD</key>
		<dict>
			<key>fileRef</key>
			<string>322C03391DA179980084A3FD</string>
			<key>isa</key>
			<string>PBXBuildFile</string>
		</dict>
		<key>322C03421DA179C00084A3FD</key>
		<dict>
			<key>fileRef</key>
			<string>322C03351DA179500084A3FD</string>
			<key>isa</key>
			<string>PBXBuildFile</string>
		</dict>
		<key>322C03431DA17AD90084A3FD</key>
		<dict>
			<key>fileEncoding</key>
			<string>4</string>
			<key>isa</key>
			<string>PBXFileReference</string>
			<key>lastKnownFileType</key>
			<string>sourcecode.swift</string>
			<key>path</key>
			<string>RepositoryTableViewCell.swift</string>
			<key>sourceTree</key>
			<string>&lt;group&gt;</string>
		</dict>
		<key>322C03441DA17AD90084A3FD</key>
		<dict>
			<key>fileRef</key>
			<string>322C03431DA17AD90084A3FD</string>
			<key>isa</key>
			<string>PBXBuildFile</string>
		</dict>
		<key>322C03451DA17E470084A3FD</key>
		<dict>
			<key>children</key>
			<array>
				<string>32A5C02A1DA17580002EA258</string>
				<string>322C03431DA17AD90084A3FD</string>
			</array>
			<key>isa</key>
			<string>PBXGroup</string>
			<key>name</key>
			<string>UI</string>
			<key>path</key>
			<string>UI</string>
			<key>sourceTree</key>
			<string>&lt;group&gt;</string>
		</dict>
		<key>322E7B4F1DA17FAC0071EC36</key>
		<dict>
			<key>fileEncoding</key>
			<string>4</string>
			<key>isa</key>
			<string>PBXFileReference</string>
			<key>lastKnownFileType</key>
			<string>net.daringfireball.markdown</string>
			<key>path</key>
			<string>readme.md</string>
			<key>sourceTree</key>
			<string>&lt;group&gt;</string>
		</dict>
		<key>322E7B501DA17FAC0071EC36</key>
		<dict>
			<key>fileRef</key>
			<string>322E7B4F1DA17FAC0071EC36</string>
			<key>isa</key>
			<string>PBXBuildFile</string>
		</dict>
		<key>326F47151DA2A67900AAD144</key>
		<dict>
			<key>fileEncoding</key>
			<string>4</string>
			<key>isa</key>
			<string>PBXFileReference</string>
			<key>lastKnownFileType</key>
			<string>sourcecode.swift</string>
			<key>path</key>
			<string>ConcurrenOperation.swift</string>
			<key>sourceTree</key>
			<string>&lt;group&gt;</string>
		</dict>
		<key>326F47161DA2A67A00AAD144</key>
		<dict>
			<key>fileRef</key>
			<string>326F47151DA2A67900AAD144</string>
			<key>isa</key>
			<string>PBXBuildFile</string>
		</dict>
		<key>326F47171DA2D38E00AAD144</key>
		<dict>
			<key>children</key>
			<array>
				<string>326F471B1DA3B79F00AAD144</string>
				<string>326F47151DA2A67900AAD144</string>
				<string>329D90681DA279DF00B2BD59</string>
				<string>329D906C1DA27E3A00B2BD59</string>
			</array>
			<key>isa</key>
			<string>PBXGroup</string>
			<key>name</key>
			<string>Utilities</string>
			<key>path</key>
			<string>Utilities</string>
			<key>sourceTree</key>
			<string>&lt;group&gt;</string>
		</dict>
		<key>326F47181DA2D3D400AAD144</key>
		<dict>
			<key>children</key>
			<array>
				<string>322C032D1DA176700084A3FD</string>
				<string>326F47191DA2D3E600AAD144</string>
			</array>
			<key>isa</key>
			<string>PBXGroup</string>
			<key>name</key>
			<string>Workers</string>
			<key>path</key>
			<string>Workers</string>
			<key>sourceTree</key>
			<string>&lt;group&gt;</string>
		</dict>
		<key>326F47191DA2D3E600AAD144</key>
		<dict>
			<key>fileEncoding</key>
			<string>4</string>
			<key>isa</key>
			<string>PBXFileReference</string>
			<key>lastKnownFileType</key>
			<string>sourcecode.swift</string>
			<key>path</key>
			<string>SearchWorker.swift</string>
			<key>sourceTree</key>
			<string>&lt;group&gt;</string>
		</dict>
		<key>326F471A1DA2D3E600AAD144</key>
		<dict>
			<key>fileRef</key>
			<string>326F47191DA2D3E600AAD144</string>
			<key>isa</key>
			<string>PBXBuildFile</string>
		</dict>
		<key>326F471B1DA3B79F00AAD144</key>
		<dict>
			<key>fileEncoding</key>
			<string>4</string>
			<key>isa</key>
			<string>PBXFileReference</string>
			<key>lastKnownFileType</key>
			<string>sourcecode.swift</string>
			<key>path</key>
			<string>APIResponseController.swift</string>
			<key>sourceTree</key>
			<string>&lt;group&gt;</string>
		</dict>
		<key>326F471C1DA3B79F00AAD144</key>
		<dict>
			<key>fileRef</key>
			<string>326F471B1DA3B79F00AAD144</string>
			<key>isa</key>
			<string>PBXBuildFile</string>
		</dict>
		<key>329D90521DA1BBDC00B2BD59</key>
		<dict>
			<key>children</key>
			<array>
				<string>322C03451DA17E470084A3FD</string>
				<string>326F47181DA2D3D400AAD144</string>
				<string>322C03271DA176700084A3FD</string>
				<string>322C03281DA176700084A3FD</string>
				<string>322C03291DA176700084A3FD</string>
				<string>322C032A1DA176700084A3FD</string>
				<string>322C032B1DA176700084A3FD</string>
				<string>322C032C1DA176700084A3FD</string>
			</array>
			<key>isa</key>
			<string>PBXGroup</string>
			<key>name</key>
			<string>Repositories</string>
			<key>path</key>
			<string>Repositories</string>
			<key>sourceTree</key>
			<string>&lt;group&gt;</string>
		</dict>
		<key>329D90651DA2791000B2BD59</key>
		<dict>
			<key>children</key>
			<array>
				<string>326F47171DA2D38E00AAD144</string>
				<string>32DF907C1DA42A320090DE19</string>
				<string>329D906A1DA27C4C00B2BD59</string>
				<string>329D90661DA2792400B2BD59</string>
				<string>32DF90531DA3D3580090DE19</string>
			</array>
			<key>isa</key>
			<string>PBXGroup</string>
			<key>name</key>
			<string>API</string>
			<key>path</key>
			<string>API</string>
			<key>sourceTree</key>
			<string>&lt;group&gt;</string>
		</dict>
		<key>329D90661DA2792400B2BD59</key>
		<dict>
			<key>fileEncoding</key>
			<string>4</string>
			<key>isa</key>
			<string>PBXFileReference</string>
			<key>lastKnownFileType</key>
			<string>sourcecode.swift</string>
			<key>path</key>
			<string>GithubService.swift</string>
			<key>sourceTree</key>
			<string>&lt;group&gt;</string>
		</dict>
		<key>329D90671DA2792400B2BD59</key>
		<dict>
			<key>fileRef</key>
			<string>329D90661DA2792400B2BD59</string>
			<key>isa</key>
			<string>PBXBuildFile</string>
		</dict>
		<key>329D90681DA279DF00B2BD59</key>
		<dict>
			<key>fileEncoding</key>
			<string>4</string>
			<key>isa</key>
			<string>PBXFileReference</string>
			<key>lastKnownFileType</key>
			<string>sourcecode.swift</string>
			<key>path</key>
			<string>EndpointBuilder.swift</string>
			<key>sourceTree</key>
			<string>&lt;group&gt;</string>
		</dict>
		<key>329D90691DA279DF00B2BD59</key>
		<dict>
			<key>fileRef</key>
			<string>329D90681DA279DF00B2BD59</string>
			<key>isa</key>
			<string>PBXBuildFile</string>
		</dict>
		<key>329D906A1DA27C4C00B2BD59</key>
		<dict>
			<key>fileEncoding</key>
			<string>4</string>
			<key>isa</key>
			<string>PBXFileReference</string>
			<key>lastKnownFileType</key>
			<string>sourcecode.swift</string>
			<key>path</key>
			<string>GithubResponseParser.swift</string>
			<key>sourceTree</key>
			<string>&lt;group&gt;</string>
		</dict>
		<key>329D906B1DA27C4C00B2BD59</key>
		<dict>
			<key>fileRef</key>
			<string>329D906A1DA27C4C00B2BD59</string>
			<key>isa</key>
			<string>PBXBuildFile</string>
		</dict>
		<key>329D906C1DA27E3A00B2BD59</key>
		<dict>
			<key>fileEncoding</key>
			<string>4</string>
			<key>isa</key>
			<string>PBXFileReference</string>
			<key>lastKnownFileType</key>
			<string>sourcecode.swift</string>
			<key>path</key>
			<string>NetworkLogger.swift</string>
			<key>sourceTree</key>
			<string>&lt;group&gt;</string>
		</dict>
		<key>329D906D1DA27E3A00B2BD59</key>
		<dict>
			<key>fileRef</key>
			<string>329D906C1DA27E3A00B2BD59</string>
			<key>isa</key>
			<string>PBXBuildFile</string>
		</dict>
		<key>32A5C01A1DA1757F002EA258</key>
		<dict>
			<key>children</key>
			<array>
				<string>24E56B55B0EBFD1BD4F1A289</string>
				<string>32A5C0251DA17580002EA258</string>
				<string>32A5C03A1DA17580002EA258</string>
				<string>CBD210744C2DCB52A05D2C00</string>
				<string>32A5C0241DA17580002EA258</string>
			</array>
			<key>isa</key>
			<string>PBXGroup</string>
			<key>sourceTree</key>
			<string>&lt;group&gt;</string>
		</dict>
		<key>32A5C01B1DA1757F002EA258</key>
		<dict>
			<key>attributes</key>
			<dict>
				<key>LastSwiftUpdateCheck</key>
				<string>0800</string>
				<key>LastUpgradeCheck</key>
				<string>0800</string>
				<key>ORGANIZATIONNAME</key>
				<string>SwiftyDev Axel Zuziak</string>
				<key>TargetAttributes</key>
				<dict>
					<key>32A5C0221DA1757F002EA258</key>
					<dict>
						<key>CreatedOnToolsVersion</key>
						<string>8.0</string>
						<key>DevelopmentTeam</key>
						<string>6NL2SK2NU2</string>
						<key>ProvisioningStyle</key>
						<string>Automatic</string>
					</dict>
					<key>32A5C0361DA17580002EA258</key>
					<dict>
						<key>CreatedOnToolsVersion</key>
						<string>8.0</string>
						<key>DevelopmentTeam</key>
						<string>6NL2SK2NU2</string>
						<key>ProvisioningStyle</key>
						<string>Automatic</string>
						<key>TestTargetID</key>
						<string>32A5C0221DA1757F002EA258</string>
					</dict>
				</dict>
			</dict>
			<key>buildConfigurationList</key>
			<string>32A5C01E1DA1757F002EA258</string>
			<key>compatibilityVersion</key>
			<string>Xcode 3.2</string>
			<key>developmentRegion</key>
			<string>English</string>
			<key>hasScannedForEncodings</key>
			<string>0</string>
			<key>isa</key>
			<string>PBXProject</string>
			<key>knownRegions</key>
			<array>
				<string>en</string>
				<string>Base</string>
			</array>
			<key>mainGroup</key>
			<string>32A5C01A1DA1757F002EA258</string>
			<key>productRefGroup</key>
			<string>32A5C0241DA17580002EA258</string>
			<key>projectDirPath</key>
			<string></string>
			<key>projectReferences</key>
			<array/>
			<key>projectRoot</key>
			<string></string>
			<key>targets</key>
			<array>
				<string>32A5C0221DA1757F002EA258</string>
				<string>32A5C0361DA17580002EA258</string>
			</array>
		</dict>
		<key>32A5C01E1DA1757F002EA258</key>
		<dict>
			<key>buildConfigurations</key>
			<array>
				<string>32A5C03E1DA17580002EA258</string>
				<string>32A5C03F1DA17580002EA258</string>
			</array>
			<key>defaultConfigurationIsVisible</key>
			<string>0</string>
			<key>defaultConfigurationName</key>
			<string>Release</string>
			<key>isa</key>
			<string>XCConfigurationList</string>
		</dict>
		<key>32A5C01F1DA1757F002EA258</key>
		<dict>
			<key>buildActionMask</key>
			<string>2147483647</string>
			<key>files</key>
			<array>
				<string>322C033A1DA179980084A3FD</string>
				<string>322C032E1DA176700084A3FD</string>
				<string>32DF90541DA3D3580090DE19</string>
				<string>32DF90681DA3D83D0090DE19</string>
				<string>322C03321DA176700084A3FD</string>
				<string>322E7B501DA17FAC0071EC36</string>
				<string>32DF90671DA3D83D0090DE19</string>
				<string>32DF907B1DA4196E0090DE19</string>
				<string>32DF90561DA3D47D0090DE19</string>
				<string>32DF907F1DA443680090DE19</string>
				<string>329D906B1DA27C4C00B2BD59</string>
				<string>322C032F1DA176700084A3FD</string>
				<string>322C03441DA17AD90084A3FD</string>
				<string>326F471C1DA3B79F00AAD144</string>
				<string>32DF90621DA3D83D0090DE19</string>
				<string>322C03331DA176700084A3FD</string>
				<string>32DF907D1DA42A320090DE19</string>
				<string>326F471A1DA2D3E600AAD144</string>
				<string>32DF90661DA3D83D0090DE19</string>
				<string>32A5C0271DA17580002EA258</string>
				<string>322C03311DA176700084A3FD</string>
				<string>32DF90651DA3D83D0090DE19</string>
				<string>329D90691DA279DF00B2BD59</string>
				<string>322C033B1DA179980084A3FD</string>
				<string>329D90671DA2792400B2BD59</string>
				<string>32DF90631DA3D83D0090DE19</string>
				<string>322C03361DA179500084A3FD</string>
				<string>322C03301DA176700084A3FD</string>
				<string>326F47161DA2A67A00AAD144</string>
				<string>329D906D1DA27E3A00B2BD59</string>
				<string>32DF90641DA3D83D0090DE19</string>
				<string>322C03341DA176700084A3FD</string>
			</array>
			<key>isa</key>
			<string>PBXSourcesBuildPhase</string>
			<key>runOnlyForDeploymentPostprocessing</key>
			<string>0</string>
		</dict>
		<key>32A5C0201DA1757F002EA258</key>
		<dict>
			<key>buildActionMask</key>
			<string>2147483647</string>
			<key>files</key>
			<array>
				<string>22D57FDF08B5B60BA6485204</string>
			</array>
			<key>isa</key>
			<string>PBXFrameworksBuildPhase</string>
			<key>runOnlyForDeploymentPostprocessing</key>
			<string>0</string>
		</dict>
		<key>32A5C0211DA1757F002EA258</key>
		<dict>
			<key>buildActionMask</key>
			<string>2147483647</string>
			<key>files</key>
			<array>
				<string>32DF90761DA4194B0090DE19</string>
				<string>32DF90771DA4194B0090DE19</string>
				<string>32A5C0311DA17580002EA258</string>
				<string>32DF906B1DA3D8550090DE19</string>
				<string>32A5C02E1DA17580002EA258</string>
				<string>32A5C02C1DA17580002EA258</string>
			</array>
			<key>isa</key>
			<string>PBXResourcesBuildPhase</string>
			<key>runOnlyForDeploymentPostprocessing</key>
			<string>0</string>
		</dict>
		<key>32A5C0221DA1757F002EA258</key>
		<dict>
			<key>buildConfigurationList</key>
			<string>32A5C0401DA17580002EA258</string>
			<key>buildPhases</key>
			<array>
				<string>8D61AF39E2ABD3684F0BDF8A</string>
				<string>32A5C01F1DA1757F002EA258</string>
				<string>32A5C0201DA1757F002EA258</string>
				<string>32A5C0211DA1757F002EA258</string>
				<string>D48419D01DD54E8E7F57BA2B</string>
				<string>EB518E9400062E94C8EB1B24</string>
			</array>
			<key>buildRules</key>
			<array/>
			<key>dependencies</key>
			<array/>
			<key>isa</key>
			<string>PBXNativeTarget</string>
			<key>name</key>
			<string>Github</string>
			<key>productName</key>
			<string>Github</string>
			<key>productReference</key>
			<string>32A5C0231DA17580002EA258</string>
			<key>productType</key>
			<string>com.apple.product-type.application</string>
		</dict>
		<key>32A5C0231DA17580002EA258</key>
		<dict>
			<key>explicitFileType</key>
			<string>wrapper.application</string>
			<key>includeInIndex</key>
			<string>0</string>
			<key>isa</key>
			<string>PBXFileReference</string>
			<key>path</key>
			<string>Github.app</string>
			<key>sourceTree</key>
			<string>BUILT_PRODUCTS_DIR</string>
		</dict>
		<key>32A5C0241DA17580002EA258</key>
		<dict>
			<key>children</key>
			<array>
				<string>32A5C0231DA17580002EA258</string>
				<string>32A5C0371DA17580002EA258</string>
			</array>
			<key>isa</key>
			<string>PBXGroup</string>
			<key>name</key>
			<string>Products</string>
			<key>sourceTree</key>
			<string>&lt;group&gt;</string>
		</dict>
		<key>32A5C0251DA17580002EA258</key>
		<dict>
			<key>children</key>
			<array>
				<string>329D90651DA2791000B2BD59</string>
				<string>32DF90581DA3D4970090DE19</string>
				<string>32DF90591DA3D49D0090DE19</string>
				<string>32DF90781DA4194E0090DE19</string>
				<string>322C03371DA179570084A3FD</string>
				<string>322C03261DA1764C0084A3FD</string>
				<string>32DF90571DA3D48A0090DE19</string>
				<string>322E7B4F1DA17FAC0071EC36</string>
			</array>
			<key>isa</key>
			<string>PBXGroup</string>
			<key>path</key>
			<string>Github</string>
			<key>sourceTree</key>
			<string>&lt;group&gt;</string>
		</dict>
		<key>32A5C0261DA17580002EA258</key>
		<dict>
			<key>isa</key>
			<string>PBXFileReference</string>
			<key>lastKnownFileType</key>
			<string>sourcecode.swift</string>
			<key>path</key>
			<string>AppDelegate.swift</string>
			<key>sourceTree</key>
			<string>&lt;group&gt;</string>
		</dict>
		<key>32A5C0271DA17580002EA258</key>
		<dict>
			<key>fileRef</key>
			<string>32A5C0261DA17580002EA258</string>
			<key>isa</key>
			<string>PBXBuildFile</string>
		</dict>
		<key>32A5C02A1DA17580002EA258</key>
		<dict>
			<key>children</key>
			<array>
				<string>32A5C02B1DA17580002EA258</string>
			</array>
			<key>isa</key>
			<string>PBXVariantGroup</string>
			<key>name</key>
			<string>Repositories.storyboard</string>
			<key>path</key>
			<string>.</string>
			<key>sourceTree</key>
			<string>&lt;group&gt;</string>
		</dict>
		<key>32A5C02B1DA17580002EA258</key>
		<dict>
			<key>isa</key>
			<string>PBXFileReference</string>
			<key>lastKnownFileType</key>
			<string>file.storyboard</string>
			<key>name</key>
			<string>Base</string>
			<key>path</key>
			<string>Base.lproj/Repositories.storyboard</string>
			<key>sourceTree</key>
			<string>&lt;group&gt;</string>
		</dict>
		<key>32A5C02C1DA17580002EA258</key>
		<dict>
			<key>fileRef</key>
			<string>32A5C02A1DA17580002EA258</string>
			<key>isa</key>
			<string>PBXBuildFile</string>
		</dict>
		<key>32A5C02D1DA17580002EA258</key>
		<dict>
			<key>isa</key>
			<string>PBXFileReference</string>
			<key>lastKnownFileType</key>
			<string>folder.assetcatalog</string>
			<key>path</key>
			<string>Assets.xcassets</string>
			<key>sourceTree</key>
			<string>&lt;group&gt;</string>
		</dict>
		<key>32A5C02E1DA17580002EA258</key>
		<dict>
			<key>fileRef</key>
			<string>32A5C02D1DA17580002EA258</string>
			<key>isa</key>
			<string>PBXBuildFile</string>
		</dict>
		<key>32A5C02F1DA17580002EA258</key>
		<dict>
			<key>children</key>
			<array>
				<string>32A5C0301DA17580002EA258</string>
			</array>
			<key>isa</key>
			<string>PBXVariantGroup</string>
			<key>name</key>
			<string>LaunchScreen.storyboard</string>
			<key>path</key>
			<string>.</string>
			<key>sourceTree</key>
			<string>&lt;group&gt;</string>
		</dict>
		<key>32A5C0301DA17580002EA258</key>
		<dict>
			<key>isa</key>
			<string>PBXFileReference</string>
			<key>lastKnownFileType</key>
			<string>file.storyboard</string>
			<key>name</key>
			<string>Base</string>
			<key>path</key>
			<string>Base.lproj/LaunchScreen.storyboard</string>
			<key>sourceTree</key>
			<string>&lt;group&gt;</string>
		</dict>
		<key>32A5C0311DA17580002EA258</key>
		<dict>
			<key>fileRef</key>
			<string>32A5C02F1DA17580002EA258</string>
			<key>isa</key>
			<string>PBXBuildFile</string>
		</dict>
		<key>32A5C0321DA17580002EA258</key>
		<dict>
			<key>isa</key>
			<string>PBXFileReference</string>
			<key>lastKnownFileType</key>
			<string>text.plist.xml</string>
			<key>path</key>
			<string>Info.plist</string>
			<key>sourceTree</key>
			<string>&lt;group&gt;</string>
		</dict>
		<key>32A5C0331DA17580002EA258</key>
		<dict>
			<key>buildActionMask</key>
			<string>2147483647</string>
			<key>files</key>
			<array>
				<string>322C033F1DA179BB0084A3FD</string>
				<string>32A5C03C1DA17580002EA258</string>
				<string>322C03401DA179C00084A3FD</string>
				<string>322C03411DA179C00084A3FD</string>
				<string>322C033E1DA179BB0084A3FD</string>
				<string>322C03421DA179C00084A3FD</string>
			</array>
			<key>isa</key>
			<string>PBXSourcesBuildPhase</string>
			<key>runOnlyForDeploymentPostprocessing</key>
			<string>0</string>
		</dict>
		<key>32A5C0341DA17580002EA258</key>
		<dict>
			<key>buildActionMask</key>
			<string>2147483647</string>
			<key>files</key>
			<array>
				<string>C34107F74AA319F2940725F7</string>
			</array>
			<key>isa</key>
			<string>PBXFrameworksBuildPhase</string>
			<key>runOnlyForDeploymentPostprocessing</key>
			<string>0</string>
		</dict>
		<key>32A5C0351DA17580002EA258</key>
		<dict>
			<key>buildActionMask</key>
			<string>2147483647</string>
			<key>files</key>
			<array/>
			<key>isa</key>
			<string>PBXResourcesBuildPhase</string>
			<key>runOnlyForDeploymentPostprocessing</key>
			<string>0</string>
		</dict>
		<key>32A5C0361DA17580002EA258</key>
		<dict>
			<key>buildConfigurationList</key>
			<string>32A5C0431DA17580002EA258</string>
			<key>buildPhases</key>
			<array>
				<string>FB9D2560A738E66A371BCAC2</string>
				<string>32A5C0331DA17580002EA258</string>
				<string>32A5C0341DA17580002EA258</string>
				<string>32A5C0351DA17580002EA258</string>
				<string>2CD4AF00A7945B1D12714310</string>
				<string>1769D6F0EBA6B52CFD25102F</string>
			</array>
			<key>buildRules</key>
			<array/>
			<key>dependencies</key>
			<array>
				<string>32A5C0391DA17580002EA258</string>
			</array>
			<key>isa</key>
			<string>PBXNativeTarget</string>
			<key>name</key>
			<string>GithubTests</string>
			<key>productName</key>
			<string>GithubTests</string>
			<key>productReference</key>
			<string>32A5C0371DA17580002EA258</string>
			<key>productType</key>
			<string>com.apple.product-type.bundle.unit-test</string>
		</dict>
		<key>32A5C0371DA17580002EA258</key>
		<dict>
			<key>explicitFileType</key>
			<string>wrapper.cfbundle</string>
			<key>includeInIndex</key>
			<string>0</string>
			<key>isa</key>
			<string>PBXFileReference</string>
			<key>path</key>
			<string>GithubTests.xctest</string>
			<key>sourceTree</key>
			<string>BUILT_PRODUCTS_DIR</string>
		</dict>
		<key>32A5C0381DA17580002EA258</key>
		<dict>
			<key>containerPortal</key>
			<string>32A5C01B1DA1757F002EA258</string>
			<key>isa</key>
			<string>PBXContainerItemProxy</string>
			<key>proxyType</key>
			<string>1</string>
			<key>remoteGlobalIDString</key>
			<string>32A5C0221DA1757F002EA258</string>
			<key>remoteInfo</key>
			<string>Github</string>
		</dict>
		<key>32A5C0391DA17580002EA258</key>
		<dict>
			<key>isa</key>
			<string>PBXTargetDependency</string>
			<key>target</key>
			<string>32A5C0221DA1757F002EA258</string>
			<key>targetProxy</key>
			<string>32A5C0381DA17580002EA258</string>
		</dict>
		<key>32A5C03A1DA17580002EA258</key>
		<dict>
			<key>children</key>
			<array>
				<string>32A5C03B1DA17580002EA258</string>
				<string>32A5C03D1DA17580002EA258</string>
				<string>322C033C1DA179BB0084A3FD</string>
				<string>322C033D1DA179BB0084A3FD</string>
			</array>
			<key>isa</key>
			<string>PBXGroup</string>
			<key>path</key>
			<string>GithubTests</string>
			<key>sourceTree</key>
			<string>&lt;group&gt;</string>
		</dict>
		<key>32A5C03B1DA17580002EA258</key>
		<dict>
			<key>isa</key>
			<string>PBXFileReference</string>
			<key>lastKnownFileType</key>
			<string>sourcecode.swift</string>
			<key>path</key>
			<string>GithubTests.swift</string>
			<key>sourceTree</key>
			<string>&lt;group&gt;</string>
		</dict>
		<key>32A5C03C1DA17580002EA258</key>
		<dict>
			<key>fileRef</key>
			<string>32A5C03B1DA17580002EA258</string>
			<key>isa</key>
			<string>PBXBuildFile</string>
		</dict>
		<key>32A5C03D1DA17580002EA258</key>
		<dict>
			<key>isa</key>
			<string>PBXFileReference</string>
			<key>lastKnownFileType</key>
			<string>text.plist.xml</string>
			<key>path</key>
			<string>Info.plist</string>
			<key>sourceTree</key>
			<string>&lt;group&gt;</string>
		</dict>
		<key>32A5C03E1DA17580002EA258</key>
		<dict>
			<key>buildSettings</key>
			<dict>
				<key>ALWAYS_SEARCH_USER_PATHS</key>
				<string>NO</string>
				<key>CLANG_ANALYZER_NONNULL</key>
				<string>YES</string>
				<key>CLANG_CXX_LANGUAGE_STANDARD</key>
				<string>gnu++0x</string>
				<key>CLANG_CXX_LIBRARY</key>
				<string>libc++</string>
				<key>CLANG_ENABLE_MODULES</key>
				<string>YES</string>
				<key>CLANG_ENABLE_OBJC_ARC</key>
				<string>YES</string>
				<key>CLANG_WARN_BOOL_CONVERSION</key>
				<string>YES</string>
				<key>CLANG_WARN_CONSTANT_CONVERSION</key>
				<string>YES</string>
				<key>CLANG_WARN_DIRECT_OBJC_ISA_USAGE</key>
				<string>YES_ERROR</string>
				<key>CLANG_WARN_DOCUMENTATION_COMMENTS</key>
				<string>YES</string>
				<key>CLANG_WARN_EMPTY_BODY</key>
				<string>YES</string>
				<key>CLANG_WARN_ENUM_CONVERSION</key>
				<string>YES</string>
				<key>CLANG_WARN_INFINITE_RECURSION</key>
				<string>YES</string>
				<key>CLANG_WARN_INT_CONVERSION</key>
				<string>YES</string>
				<key>CLANG_WARN_OBJC_ROOT_CLASS</key>
				<string>YES_ERROR</string>
				<key>CLANG_WARN_SUSPICIOUS_MOVES</key>
				<string>YES</string>
				<key>CLANG_WARN_UNREACHABLE_CODE</key>
				<string>YES</string>
				<key>CLANG_WARN__DUPLICATE_METHOD_MATCH</key>
				<string>YES</string>
				<key>CODE_SIGN_IDENTITY[sdk=iphoneos*]</key>
				<string>iPhone Developer</string>
				<key>COPY_PHASE_STRIP</key>
				<string>NO</string>
				<key>DEBUG_INFORMATION_FORMAT</key>
				<string>dwarf</string>
				<key>ENABLE_STRICT_OBJC_MSGSEND</key>
				<string>YES</string>
				<key>ENABLE_TESTABILITY</key>
				<string>YES</string>
				<key>GCC_C_LANGUAGE_STANDARD</key>
				<string>gnu99</string>
				<key>GCC_DYNAMIC_NO_PIC</key>
				<string>NO</string>
				<key>GCC_NO_COMMON_BLOCKS</key>
				<string>YES</string>
				<key>GCC_OPTIMIZATION_LEVEL</key>
				<string>0</string>
				<key>GCC_PREPROCESSOR_DEFINITIONS</key>
				<array>
					<string>DEBUG=1</string>
					<string>$(inherited)</string>
				</array>
				<key>GCC_WARN_64_TO_32_BIT_CONVERSION</key>
				<string>YES</string>
				<key>GCC_WARN_ABOUT_RETURN_TYPE</key>
				<string>YES_ERROR</string>
				<key>GCC_WARN_UNDECLARED_SELECTOR</key>
				<string>YES</string>
				<key>GCC_WARN_UNINITIALIZED_AUTOS</key>
				<string>YES_AGGRESSIVE</string>
				<key>GCC_WARN_UNUSED_FUNCTION</key>
				<string>YES</string>
				<key>GCC_WARN_UNUSED_VARIABLE</key>
				<string>YES</string>
				<key>IPHONEOS_DEPLOYMENT_TARGET</key>
				<string>10.0</string>
				<key>MTL_ENABLE_DEBUG_INFO</key>
				<string>YES</string>
				<key>ONLY_ACTIVE_ARCH</key>
				<string>YES</string>
				<key>SDKROOT</key>
				<string>iphoneos</string>
				<key>SWIFT_ACTIVE_COMPILATION_CONDITIONS</key>
				<string>DEBUG</string>
				<key>SWIFT_OPTIMIZATION_LEVEL</key>
				<string>-Onone</string>
			</dict>
			<key>isa</key>
			<string>XCBuildConfiguration</string>
			<key>name</key>
			<string>Debug</string>
		</dict>
		<key>32A5C03F1DA17580002EA258</key>
		<dict>
			<key>buildSettings</key>
			<dict>
				<key>ALWAYS_SEARCH_USER_PATHS</key>
				<string>NO</string>
				<key>CLANG_ANALYZER_NONNULL</key>
				<string>YES</string>
				<key>CLANG_CXX_LANGUAGE_STANDARD</key>
				<string>gnu++0x</string>
				<key>CLANG_CXX_LIBRARY</key>
				<string>libc++</string>
				<key>CLANG_ENABLE_MODULES</key>
				<string>YES</string>
				<key>CLANG_ENABLE_OBJC_ARC</key>
				<string>YES</string>
				<key>CLANG_WARN_BOOL_CONVERSION</key>
				<string>YES</string>
				<key>CLANG_WARN_CONSTANT_CONVERSION</key>
				<string>YES</string>
				<key>CLANG_WARN_DIRECT_OBJC_ISA_USAGE</key>
				<string>YES_ERROR</string>
				<key>CLANG_WARN_DOCUMENTATION_COMMENTS</key>
				<string>YES</string>
				<key>CLANG_WARN_EMPTY_BODY</key>
				<string>YES</string>
				<key>CLANG_WARN_ENUM_CONVERSION</key>
				<string>YES</string>
				<key>CLANG_WARN_INFINITE_RECURSION</key>
				<string>YES</string>
				<key>CLANG_WARN_INT_CONVERSION</key>
				<string>YES</string>
				<key>CLANG_WARN_OBJC_ROOT_CLASS</key>
				<string>YES_ERROR</string>
				<key>CLANG_WARN_SUSPICIOUS_MOVES</key>
				<string>YES</string>
				<key>CLANG_WARN_UNREACHABLE_CODE</key>
				<string>YES</string>
				<key>CLANG_WARN__DUPLICATE_METHOD_MATCH</key>
				<string>YES</string>
				<key>CODE_SIGN_IDENTITY[sdk=iphoneos*]</key>
				<string>iPhone Developer</string>
				<key>COPY_PHASE_STRIP</key>
				<string>NO</string>
				<key>DEBUG_INFORMATION_FORMAT</key>
				<string>dwarf-with-dsym</string>
				<key>ENABLE_NS_ASSERTIONS</key>
				<string>NO</string>
				<key>ENABLE_STRICT_OBJC_MSGSEND</key>
				<string>YES</string>
				<key>GCC_C_LANGUAGE_STANDARD</key>
				<string>gnu99</string>
				<key>GCC_NO_COMMON_BLOCKS</key>
				<string>YES</string>
				<key>GCC_WARN_64_TO_32_BIT_CONVERSION</key>
				<string>YES</string>
				<key>GCC_WARN_ABOUT_RETURN_TYPE</key>
				<string>YES_ERROR</string>
				<key>GCC_WARN_UNDECLARED_SELECTOR</key>
				<string>YES</string>
				<key>GCC_WARN_UNINITIALIZED_AUTOS</key>
				<string>YES_AGGRESSIVE</string>
				<key>GCC_WARN_UNUSED_FUNCTION</key>
				<string>YES</string>
				<key>GCC_WARN_UNUSED_VARIABLE</key>
				<string>YES</string>
				<key>IPHONEOS_DEPLOYMENT_TARGET</key>
				<string>10.0</string>
				<key>MTL_ENABLE_DEBUG_INFO</key>
				<string>NO</string>
				<key>SDKROOT</key>
				<string>iphoneos</string>
				<key>SWIFT_OPTIMIZATION_LEVEL</key>
				<string>-Owholemodule</string>
				<key>VALIDATE_PRODUCT</key>
				<string>YES</string>
			</dict>
			<key>isa</key>
			<string>XCBuildConfiguration</string>
			<key>name</key>
			<string>Release</string>
		</dict>
		<key>32A5C0401DA17580002EA258</key>
		<dict>
			<key>buildConfigurations</key>
			<array>
				<string>32A5C0411DA17580002EA258</string>
				<string>32A5C0421DA17580002EA258</string>
			</array>
			<key>defaultConfigurationIsVisible</key>
			<string>0</string>
			<key>defaultConfigurationName</key>
			<string>Release</string>
			<key>isa</key>
			<string>XCConfigurationList</string>
		</dict>
		<key>32A5C0411DA17580002EA258</key>
		<dict>
			<key>baseConfigurationReference</key>
			<string>0B40087829C43827CA79319C</string>
			<key>buildSettings</key>
			<dict>
				<key>ASSETCATALOG_COMPILER_APPICON_NAME</key>
				<string>AppIcon</string>
				<key>DEVELOPMENT_TEAM</key>
				<string>6NL2SK2NU2</string>
				<key>INFOPLIST_FILE</key>
				<string>Github/Main/Info.plist</string>
				<key>LD_RUNPATH_SEARCH_PATHS</key>
				<string>$(inherited) @executable_path/Frameworks</string>
				<key>PRODUCT_BUNDLE_IDENTIFIER</key>
				<string>pl.swiftydev.Github</string>
				<key>PRODUCT_NAME</key>
				<string>$(TARGET_NAME)</string>
				<key>SWIFT_VERSION</key>
				<string>3.0</string>
			</dict>
			<key>isa</key>
			<string>XCBuildConfiguration</string>
			<key>name</key>
			<string>Debug</string>
		</dict>
		<key>32A5C0421DA17580002EA258</key>
		<dict>
			<key>baseConfigurationReference</key>
			<string>C7C0BB3FD63E82E8E7AF3BCD</string>
			<key>buildSettings</key>
			<dict>
				<key>ASSETCATALOG_COMPILER_APPICON_NAME</key>
				<string>AppIcon</string>
				<key>DEVELOPMENT_TEAM</key>
				<string>6NL2SK2NU2</string>
				<key>INFOPLIST_FILE</key>
				<string>Github/Main/Info.plist</string>
				<key>LD_RUNPATH_SEARCH_PATHS</key>
				<string>$(inherited) @executable_path/Frameworks</string>
				<key>PRODUCT_BUNDLE_IDENTIFIER</key>
				<string>pl.swiftydev.Github</string>
				<key>PRODUCT_NAME</key>
				<string>$(TARGET_NAME)</string>
				<key>SWIFT_VERSION</key>
				<string>3.0</string>
			</dict>
			<key>isa</key>
			<string>XCBuildConfiguration</string>
			<key>name</key>
			<string>Release</string>
		</dict>
		<key>32A5C0431DA17580002EA258</key>
		<dict>
			<key>buildConfigurations</key>
			<array>
				<string>32A5C0441DA17580002EA258</string>
				<string>32A5C0451DA17580002EA258</string>
			</array>
			<key>defaultConfigurationIsVisible</key>
			<string>0</string>
			<key>defaultConfigurationName</key>
			<string>Release</string>
			<key>isa</key>
			<string>XCConfigurationList</string>
		</dict>
		<key>32A5C0441DA17580002EA258</key>
		<dict>
			<key>baseConfigurationReference</key>
			<string>EEEE8C12A9D903EF07CA86E7</string>
			<key>buildSettings</key>
			<dict>
				<key>ALWAYS_EMBED_SWIFT_STANDARD_LIBRARIES</key>
				<string>YES</string>
				<key>BUNDLE_LOADER</key>
				<string>$(TEST_HOST)</string>
				<key>DEVELOPMENT_TEAM</key>
				<string>6NL2SK2NU2</string>
				<key>INFOPLIST_FILE</key>
				<string>GithubTests/Info.plist</string>
				<key>LD_RUNPATH_SEARCH_PATHS</key>
				<string>$(inherited) @executable_path/Frameworks @loader_path/Frameworks</string>
				<key>PRODUCT_BUNDLE_IDENTIFIER</key>
				<string>pl.swiftydev.GithubTests</string>
				<key>PRODUCT_NAME</key>
				<string>$(TARGET_NAME)</string>
				<key>SWIFT_VERSION</key>
				<string>3.0</string>
				<key>TEST_HOST</key>
				<string>$(BUILT_PRODUCTS_DIR)/Github.app/Github</string>
			</dict>
			<key>isa</key>
			<string>XCBuildConfiguration</string>
			<key>name</key>
			<string>Debug</string>
		</dict>
		<key>32A5C0451DA17580002EA258</key>
		<dict>
			<key>baseConfigurationReference</key>
			<string>A81524D0517998C05CBF8225</string>
			<key>buildSettings</key>
			<dict>
				<key>ALWAYS_EMBED_SWIFT_STANDARD_LIBRARIES</key>
				<string>YES</string>
				<key>BUNDLE_LOADER</key>
				<string>$(TEST_HOST)</string>
				<key>DEVELOPMENT_TEAM</key>
				<string>6NL2SK2NU2</string>
				<key>INFOPLIST_FILE</key>
				<string>GithubTests/Info.plist</string>
				<key>LD_RUNPATH_SEARCH_PATHS</key>
				<string>$(inherited) @executable_path/Frameworks @loader_path/Frameworks</string>
				<key>PRODUCT_BUNDLE_IDENTIFIER</key>
				<string>pl.swiftydev.GithubTests</string>
				<key>PRODUCT_NAME</key>
				<string>$(TARGET_NAME)</string>
				<key>SWIFT_VERSION</key>
				<string>3.0</string>
				<key>TEST_HOST</key>
				<string>$(BUILT_PRODUCTS_DIR)/Github.app/Github</string>
			</dict>
			<key>isa</key>
			<string>XCBuildConfiguration</string>
			<key>name</key>
			<string>Release</string>
		</dict>
		<key>32DF90531DA3D3580090DE19</key>
		<dict>
			<key>fileEncoding</key>
			<string>4</string>
			<key>isa</key>
			<string>PBXFileReference</string>
			<key>lastKnownFileType</key>
			<string>sourcecode.swift</string>
			<key>path</key>
			<string>SearchRepositoriesOperation.swift</string>
			<key>sourceTree</key>
			<string>&lt;group&gt;</string>
		</dict>
		<key>32DF90541DA3D3580090DE19</key>
		<dict>
			<key>fileRef</key>
			<string>32DF90531DA3D3580090DE19</string>
			<key>isa</key>
			<string>PBXBuildFile</string>
		</dict>
		<key>32DF90551DA3D47D0090DE19</key>
		<dict>
			<key>fileEncoding</key>
			<string>4</string>
			<key>isa</key>
			<string>PBXFileReference</string>
			<key>lastKnownFileType</key>
			<string>sourcecode.swift</string>
			<key>path</key>
			<string>ImageType.swift</string>
			<key>sourceTree</key>
			<string>&lt;group&gt;</string>
		</dict>
		<key>32DF90561DA3D47D0090DE19</key>
		<dict>
			<key>fileRef</key>
			<string>32DF90551DA3D47D0090DE19</string>
			<key>isa</key>
			<string>PBXBuildFile</string>
		</dict>
		<key>32DF90571DA3D48A0090DE19</key>
		<dict>
			<key>children</key>
			<array>
				<string>32DF907E1DA443680090DE19</string>
				<string>32DF90551DA3D47D0090DE19</string>
			</array>
			<key>isa</key>
			<string>PBXGroup</string>
			<key>name</key>
			<string>UI + Utilities</string>
			<key>path</key>
			<string>UI + Utilities</string>
			<key>sourceTree</key>
			<string>&lt;group&gt;</string>
		</dict>
		<key>32DF90581DA3D4970090DE19</key>
		<dict>
			<key>children</key>
			<array>
				<string>32A5C02D1DA17580002EA258</string>
				<string>32A5C02F1DA17580002EA258</string>
			</array>
			<key>isa</key>
			<string>PBXGroup</string>
			<key>name</key>
			<string>Assets</string>
			<key>path</key>
			<string>Assets</string>
			<key>sourceTree</key>
			<string>&lt;group&gt;</string>
		</dict>
		<key>32DF90591DA3D49D0090DE19</key>
		<dict>
			<key>children</key>
			<array>
				<string>32A5C0261DA17580002EA258</string>
				<string>32A5C0321DA17580002EA258</string>
			</array>
			<key>isa</key>
			<string>PBXGroup</string>
			<key>name</key>
			<string>Main</string>
			<key>path</key>
			<string>Main</string>
			<key>sourceTree</key>
			<string>&lt;group&gt;</string>
		</dict>
		<key>32DF905A1DA3D81D0090DE19</key>
		<dict>
			<key>children</key>
			<array>
				<string>32DF90691DA3D8460090DE19</string>
				<string>32DF905B1DA3D83D0090DE19</string>
				<string>32DF905C1DA3D83D0090DE19</string>
				<string>32DF905D1DA3D83D0090DE19</string>
				<string>32DF905E1DA3D83D0090DE19</string>
				<string>32DF905F1DA3D83D0090DE19</string>
				<string>32DF90601DA3D83D0090DE19</string>
				<string>32DF90611DA3D83D0090DE19</string>
			</array>
			<key>isa</key>
			<string>PBXGroup</string>
			<key>name</key>
			<string>RepositoryDetail</string>
			<key>path</key>
			<string>RepositoryDetail</string>
			<key>sourceTree</key>
			<string>&lt;group&gt;</string>
		</dict>
		<key>32DF905B1DA3D83D0090DE19</key>
		<dict>
			<key>fileEncoding</key>
			<string>4</string>
			<key>isa</key>
			<string>PBXFileReference</string>
			<key>lastKnownFileType</key>
			<string>sourcecode.swift</string>
			<key>path</key>
			<string>RepositoryDetailConfigurator.swift</string>
			<key>sourceTree</key>
			<string>&lt;group&gt;</string>
		</dict>
		<key>32DF905C1DA3D83D0090DE19</key>
		<dict>
			<key>fileEncoding</key>
			<string>4</string>
			<key>isa</key>
			<string>PBXFileReference</string>
			<key>lastKnownFileType</key>
			<string>sourcecode.swift</string>
			<key>path</key>
			<string>RepositoryDetailInteractor.swift</string>
			<key>sourceTree</key>
			<string>&lt;group&gt;</string>
		</dict>
		<key>32DF905D1DA3D83D0090DE19</key>
		<dict>
			<key>fileEncoding</key>
			<string>4</string>
			<key>isa</key>
			<string>PBXFileReference</string>
			<key>lastKnownFileType</key>
			<string>sourcecode.swift</string>
			<key>path</key>
			<string>RepositoryDetailModels.swift</string>
			<key>sourceTree</key>
			<string>&lt;group&gt;</string>
		</dict>
		<key>32DF905E1DA3D83D0090DE19</key>
		<dict>
			<key>fileEncoding</key>
			<string>4</string>
			<key>isa</key>
			<string>PBXFileReference</string>
			<key>lastKnownFileType</key>
			<string>sourcecode.swift</string>
			<key>path</key>
			<string>RepositoryDetailPresenter.swift</string>
			<key>sourceTree</key>
			<string>&lt;group&gt;</string>
		</dict>
		<key>32DF905F1DA3D83D0090DE19</key>
		<dict>
			<key>fileEncoding</key>
			<string>4</string>
			<key>isa</key>
			<string>PBXFileReference</string>
			<key>lastKnownFileType</key>
			<string>sourcecode.swift</string>
			<key>path</key>
			<string>RepositoryDetailRouter.swift</string>
			<key>sourceTree</key>
			<string>&lt;group&gt;</string>
		</dict>
		<key>32DF90601DA3D83D0090DE19</key>
		<dict>
			<key>fileEncoding</key>
			<string>4</string>
			<key>isa</key>
			<string>PBXFileReference</string>
			<key>lastKnownFileType</key>
			<string>sourcecode.swift</string>
			<key>path</key>
			<string>RepositoryDetailViewController.swift</string>
			<key>sourceTree</key>
			<string>&lt;group&gt;</string>
		</dict>
		<key>32DF90611DA3D83D0090DE19</key>
		<dict>
			<key>fileEncoding</key>
			<string>4</string>
			<key>isa</key>
			<string>PBXFileReference</string>
			<key>lastKnownFileType</key>
			<string>sourcecode.swift</string>
			<key>path</key>
			<string>RepositoryDetailWorker.swift</string>
			<key>sourceTree</key>
			<string>&lt;group&gt;</string>
		</dict>
		<key>32DF90621DA3D83D0090DE19</key>
		<dict>
			<key>fileRef</key>
			<string>32DF905B1DA3D83D0090DE19</string>
			<key>isa</key>
			<string>PBXBuildFile</string>
		</dict>
		<key>32DF90631DA3D83D0090DE19</key>
		<dict>
			<key>fileRef</key>
			<string>32DF905C1DA3D83D0090DE19</string>
			<key>isa</key>
			<string>PBXBuildFile</string>
		</dict>
		<key>32DF90641DA3D83D0090DE19</key>
		<dict>
			<key>fileRef</key>
			<string>32DF905D1DA3D83D0090DE19</string>
			<key>isa</key>
			<string>PBXBuildFile</string>
		</dict>
		<key>32DF90651DA3D83D0090DE19</key>
		<dict>
			<key>fileRef</key>
			<string>32DF905E1DA3D83D0090DE19</string>
			<key>isa</key>
			<string>PBXBuildFile</string>
		</dict>
		<key>32DF90661DA3D83D0090DE19</key>
		<dict>
			<key>fileRef</key>
			<string>32DF905F1DA3D83D0090DE19</string>
			<key>isa</key>
			<string>PBXBuildFile</string>
		</dict>
		<key>32DF90671DA3D83D0090DE19</key>
		<dict>
			<key>fileRef</key>
			<string>32DF90601DA3D83D0090DE19</string>
			<key>isa</key>
			<string>PBXBuildFile</string>
		</dict>
		<key>32DF90681DA3D83D0090DE19</key>
		<dict>
			<key>fileRef</key>
			<string>32DF90611DA3D83D0090DE19</string>
			<key>isa</key>
			<string>PBXBuildFile</string>
		</dict>
		<key>32DF90691DA3D8460090DE19</key>
		<dict>
			<key>children</key>
			<array>
				<string>32DF906A1DA3D8550090DE19</string>
			</array>
			<key>isa</key>
			<string>PBXGroup</string>
			<key>name</key>
			<string>UI</string>
			<key>path</key>
			<string>UI</string>
			<key>sourceTree</key>
			<string>&lt;group&gt;</string>
		</dict>
		<key>32DF906A1DA3D8550090DE19</key>
		<dict>
			<key>fileEncoding</key>
			<string>4</string>
			<key>isa</key>
			<string>PBXFileReference</string>
			<key>lastKnownFileType</key>
			<string>file.storyboard</string>
			<key>path</key>
			<string>RepositoryDetail.storyboard</string>
			<key>sourceTree</key>
			<string>&lt;group&gt;</string>
		</dict>
		<key>32DF906B1DA3D8550090DE19</key>
		<dict>
			<key>fileRef</key>
			<string>32DF906A1DA3D8550090DE19</string>
			<key>isa</key>
			<string>PBXBuildFile</string>
		</dict>
		<key>32DF90741DA4194B0090DE19</key>
		<dict>
			<key>fileEncoding</key>
			<string>4</string>
			<key>isa</key>
			<string>PBXFileReference</string>
			<key>lastKnownFileType</key>
			<string>text.css</string>
			<key>path</key>
			<string>github-markdown.css</string>
			<key>sourceTree</key>
			<string>&lt;group&gt;</string>
		</dict>
		<key>32DF90751DA4194B0090DE19</key>
		<dict>
			<key>fileEncoding</key>
			<string>4</string>
			<key>isa</key>
			<string>PBXFileReference</string>
			<key>lastKnownFileType</key>
			<string>text.html</string>
			<key>path</key>
			<string>markdown.html</string>
			<key>sourceTree</key>
			<string>&lt;group&gt;</string>
		</dict>
		<key>32DF90761DA4194B0090DE19</key>
		<dict>
			<key>fileRef</key>
			<string>32DF90741DA4194B0090DE19</string>
			<key>isa</key>
			<string>PBXBuildFile</string>
		</dict>
		<key>32DF90771DA4194B0090DE19</key>
		<dict>
			<key>fileRef</key>
			<string>32DF90751DA4194B0090DE19</string>
			<key>isa</key>
			<string>PBXBuildFile</string>
		</dict>
		<key>32DF90781DA4194E0090DE19</key>
		<dict>
			<key>children</key>
			<array>
				<string>32DF90791DA419580090DE19</string>
				<string>32DF907A1DA4196E0090DE19</string>
			</array>
			<key>isa</key>
			<string>PBXGroup</string>
			<key>name</key>
			<string>Markdown</string>
			<key>path</key>
			<string>Markdown</string>
			<key>sourceTree</key>
			<string>&lt;group&gt;</string>
		</dict>
		<key>32DF90791DA419580090DE19</key>
		<dict>
			<key>children</key>
			<array>
				<string>32DF90741DA4194B0090DE19</string>
				<string>32DF90751DA4194B0090DE19</string>
			</array>
			<key>isa</key>
			<string>PBXGroup</string>
			<key>name</key>
			<string>Assets</string>
			<key>path</key>
			<string>Assets</string>
			<key>sourceTree</key>
			<string>&lt;group&gt;</string>
		</dict>
		<key>32DF907A1DA4196E0090DE19</key>
		<dict>
			<key>fileEncoding</key>
			<string>4</string>
			<key>isa</key>
			<string>PBXFileReference</string>
			<key>lastKnownFileType</key>
			<string>sourcecode.swift</string>
			<key>path</key>
			<string>MarkdownController.swift</string>
			<key>sourceTree</key>
			<string>&lt;group&gt;</string>
		</dict>
		<key>32DF907B1DA4196E0090DE19</key>
		<dict>
			<key>fileRef</key>
			<string>32DF907A1DA4196E0090DE19</string>
			<key>isa</key>
			<string>PBXBuildFile</string>
		</dict>
		<key>32DF907C1DA42A320090DE19</key>
		<dict>
			<key>fileEncoding</key>
			<string>4</string>
			<key>isa</key>
			<string>PBXFileReference</string>
			<key>lastKnownFileType</key>
			<string>sourcecode.swift</string>
			<key>path</key>
			<string>DownloadReadmeOperation.swift</string>
			<key>sourceTree</key>
			<string>&lt;group&gt;</string>
		</dict>
		<key>32DF907D1DA42A320090DE19</key>
		<dict>
			<key>fileRef</key>
			<string>32DF907C1DA42A320090DE19</string>
			<key>isa</key>
			<string>PBXBuildFile</string>
		</dict>
		<key>32DF907E1DA443680090DE19</key>
		<dict>
			<key>fileEncoding</key>
			<string>4</string>
			<key>isa</key>
			<string>PBXFileReference</string>
			<key>lastKnownFileType</key>
			<string>sourcecode.swift</string>
			<key>path</key>
			<string>AppearanceController.swift</string>
			<key>sourceTree</key>
			<string>&lt;group&gt;</string>
		</dict>
		<key>32DF907F1DA443680090DE19</key>
		<dict>
			<key>fileRef</key>
			<string>32DF907E1DA443680090DE19</string>
			<key>isa</key>
			<string>PBXBuildFile</string>
		</dict>
		<key>8D61AF39E2ABD3684F0BDF8A</key>
		<dict>
			<key>buildActionMask</key>
			<string>2147483647</string>
			<key>files</key>
			<array/>
			<key>inputPaths</key>
			<array/>
			<key>isa</key>
			<string>PBXShellScriptBuildPhase</string>
			<key>name</key>
			<string>[CP] Check Pods Manifest.lock</string>
			<key>outputPaths</key>
			<array/>
			<key>runOnlyForDeploymentPostprocessing</key>
			<string>0</string>
			<key>shellPath</key>
			<string>/bin/sh</string>
			<key>shellScript</key>
			<string>diff "${PODS_ROOT}/../Podfile.lock" "${PODS_ROOT}/Manifest.lock" &gt; /dev/null
if [[ $? != 0 ]] ; then
    cat &lt;&lt; EOM
error: The sandbox is not in sync with the Podfile.lock. Run 'pod install' or update your CocoaPods installation.
EOM
    exit 1
fi
</string>
			<key>showEnvVarsInLog</key>
			<string>0</string>
		</dict>
		<key>A81524D0517998C05CBF8225</key>
		<dict>
			<key>includeInIndex</key>
			<string>1</string>
			<key>isa</key>
			<string>PBXFileReference</string>
			<key>lastKnownFileType</key>
			<string>text.xcconfig</string>
			<key>name</key>
			<string>Pods-GithubTests.release.xcconfig</string>
			<key>path</key>
			<string>Pods/Target Support Files/Pods-GithubTests/Pods-GithubTests.release.xcconfig</string>
			<key>sourceTree</key>
			<string>&lt;group&gt;</string>
		</dict>
		<key>C34107F74AA319F2940725F7</key>
		<dict>
			<key>fileRef</key>
			<string>F1DE64A1BAB1280F31D7831E</string>
			<key>isa</key>
			<string>PBXBuildFile</string>
		</dict>
		<key>C7C0BB3FD63E82E8E7AF3BCD</key>
		<dict>
			<key>includeInIndex</key>
			<string>1</string>
			<key>isa</key>
			<string>PBXFileReference</string>
			<key>lastKnownFileType</key>
			<string>text.xcconfig</string>
			<key>name</key>
			<string>Pods-Github.release.xcconfig</string>
			<key>path</key>
			<string>Pods/Target Support Files/Pods-Github/Pods-Github.release.xcconfig</string>
			<key>sourceTree</key>
			<string>&lt;group&gt;</string>
		</dict>
		<key>CBD210744C2DCB52A05D2C00</key>
		<dict>
			<key>children</key>
			<array>
				<string>0B40087829C43827CA79319C</string>
				<string>C7C0BB3FD63E82E8E7AF3BCD</string>
				<string>EEEE8C12A9D903EF07CA86E7</string>
				<string>A81524D0517998C05CBF8225</string>
			</array>
			<key>isa</key>
			<string>PBXGroup</string>
			<key>name</key>
			<string>Pods</string>
			<key>sourceTree</key>
			<string>&lt;group&gt;</string>
		</dict>
		<key>D48419D01DD54E8E7F57BA2B</key>
		<dict>
			<key>buildActionMask</key>
			<string>2147483647</string>
			<key>files</key>
			<array/>
			<key>inputPaths</key>
			<array/>
			<key>isa</key>
			<string>PBXShellScriptBuildPhase</string>
			<key>name</key>
			<string>[CP] Embed Pods Frameworks</string>
			<key>outputPaths</key>
			<array/>
			<key>runOnlyForDeploymentPostprocessing</key>
			<string>0</string>
			<key>shellPath</key>
			<string>/bin/sh</string>
			<key>shellScript</key>
			<string>"${SRCROOT}/Pods/Target Support Files/Pods-Github/Pods-Github-frameworks.sh"
</string>
			<key>showEnvVarsInLog</key>
			<string>0</string>
		</dict>
		<key>EB518E9400062E94C8EB1B24</key>
		<dict>
			<key>buildActionMask</key>
			<string>2147483647</string>
			<key>files</key>
			<array/>
			<key>inputPaths</key>
			<array/>
			<key>isa</key>
			<string>PBXShellScriptBuildPhase</string>
			<key>name</key>
			<string>[CP] Copy Pods Resources</string>
			<key>outputPaths</key>
			<array/>
			<key>runOnlyForDeploymentPostprocessing</key>
			<string>0</string>
			<key>shellPath</key>
			<string>/bin/sh</string>
			<key>shellScript</key>
			<string>"${SRCROOT}/Pods/Target Support Files/Pods-Github/Pods-Github-resources.sh"
</string>
			<key>showEnvVarsInLog</key>
			<string>0</string>
		</dict>
		<key>EEEE8C12A9D903EF07CA86E7</key>
		<dict>
			<key>includeInIndex</key>
			<string>1</string>
			<key>isa</key>
			<string>PBXFileReference</string>
			<key>lastKnownFileType</key>
			<string>text.xcconfig</string>
			<key>name</key>
			<string>Pods-GithubTests.debug.xcconfig</string>
			<key>path</key>
			<string>Pods/Target Support Files/Pods-GithubTests/Pods-GithubTests.debug.xcconfig</string>
			<key>sourceTree</key>
			<string>&lt;group&gt;</string>
		</dict>
		<key>F0662589704B715114D28E5A</key>
		<dict>
			<key>explicitFileType</key>
			<string>wrapper.framework</string>
			<key>includeInIndex</key>
			<string>0</string>
			<key>isa</key>
			<string>PBXFileReference</string>
			<key>path</key>
			<string>Pods_Github.framework</string>
			<key>sourceTree</key>
			<string>BUILT_PRODUCTS_DIR</string>
		</dict>
		<key>F1DE64A1BAB1280F31D7831E</key>
		<dict>
			<key>explicitFileType</key>
			<string>wrapper.framework</string>
			<key>includeInIndex</key>
			<string>0</string>
			<key>isa</key>
			<string>PBXFileReference</string>
			<key>path</key>
			<string>Pods_GithubTests.framework</string>
			<key>sourceTree</key>
			<string>BUILT_PRODUCTS_DIR</string>
		</dict>
		<key>FB9D2560A738E66A371BCAC2</key>
		<dict>
			<key>buildActionMask</key>
			<string>2147483647</string>
			<key>files</key>
			<array/>
			<key>inputPaths</key>
			<array/>
			<key>isa</key>
			<string>PBXShellScriptBuildPhase</string>
			<key>name</key>
			<string>[CP] Check Pods Manifest.lock</string>
			<key>outputPaths</key>
			<array/>
			<key>runOnlyForDeploymentPostprocessing</key>
			<string>0</string>
			<key>shellPath</key>
			<string>/bin/sh</string>
			<key>shellScript</key>
			<string>diff "${PODS_ROOT}/../Podfile.lock" "${PODS_ROOT}/Manifest.lock" &gt; /dev/null
if [[ $? != 0 ]] ; then
    cat &lt;&lt; EOM
error: The sandbox is not in sync with the Podfile.lock. Run 'pod install' or update your CocoaPods installation.
EOM
    exit 1
fi
</string>
			<key>showEnvVarsInLog</key>
			<string>0</string>
		</dict>
	</dict>
	<key>rootObject</key>
	<string>32A5C01B1DA1757F002EA258</string>
</dict>
</plist>
